<?xml version="1.0" encoding="utf-8"?>
<Project ToolsVersion="4.0" xmlns="http://schemas.microsoft.com/developer/msbuild/2003">
  <ItemGroup>
    <Filter Include="源文件">
      <UniqueIdentifier>{4FC737F1-C7A5-4376-A066-2A32D752A2FF}</UniqueIdentifier>
      <Extensions>cpp;c;cc;cxx;def;odl;idl;hpj;bat;asm;asmx</Extensions>
    </Filter>
    <Filter Include="头文件">
      <UniqueIdentifier>{93995380-89BD-4b04-88EB-625FBE52EBFB}</UniqueIdentifier>
      <Extensions>h;hh;hpp;hxx;hm;inl;inc;xsd</Extensions>
    </Filter>
    <Filter Include="资源文件">
      <UniqueIdentifier>{67DA6AB6-F800-4c08-8B7A-83BB121AAD01}</UniqueIdentifier>
      <Extensions>rc;ico;cur;bmp;dlg;rc2;rct;bin;rgs;gif;jpg;jpeg;jpe;resx;tiff;tif;png;wav;mfcribbon-ms</Extensions>
    </Filter>
    <Filter Include="tinyxml">
      <UniqueIdentifier>{32a1e3d8-7956-40a9-b802-18e047792003}</UniqueIdentifier>
    </Filter>
    <Filter Include="Camera">
      <UniqueIdentifier>{ca04221a-d5a4-4602-8c37-64021ef3a2a6}</UniqueIdentifier>
    </Filter>
    <Filter Include="utilityFunc">
      <UniqueIdentifier>{cc2d8a08-357f-486f-82af-cd6ef19ec167}</UniqueIdentifier>
    </Filter>
    <Filter Include="coredump">
      <UniqueIdentifier>{b885f7ae-6843-4980-aabf-ba37d91d2471}</UniqueIdentifier>
    </Filter>
    <Filter Include="libAVI">
      <UniqueIdentifier>{a761349d-cca1-46a5-af98-0af0576c3396}</UniqueIdentifier>
    </Filter>
  </ItemGroup>
  <ItemGroup>
    <Text Include="ReadMe.txt" />
  </ItemGroup>
  <ItemGroup>
    <ClInclude Include="stdafx.h">
      <Filter>头文件</Filter>
    </ClInclude>
    <ClInclude Include="targetver.h">
      <Filter>头文件</Filter>
    </ClInclude>
    <ClInclude Include="resource.h">
      <Filter>头文件</Filter>
    </ClInclude>
    <ClInclude Include="tinyxml\tinystr.h">
      <Filter>tinyxml</Filter>
    </ClInclude>
    <ClInclude Include="tinyxml\tinyxml.h">
      <Filter>tinyxml</Filter>
    </ClInclude>
    <ClInclude Include="Camera\BaseCamera.h">
      <Filter>Camera</Filter>
    </ClInclude>
    <ClInclude Include="Camera\Camera6467_plate.h">
      <Filter>Camera</Filter>
    </ClInclude>
    <ClInclude Include="Camera\CameraResult.h">
      <Filter>Camera</Filter>
    </ClInclude>
    <ClInclude Include="utilityFunc\ToolFunction.h">
      <Filter>utilityFunc</Filter>
    </ClInclude>
    <ClInclude Include="coredump\MiniDumper.h">
      <Filter>coredump</Filter>
    </ClInclude>
    <ClInclude Include="libAVI\avilib.h">
      <Filter>libAVI</Filter>
    </ClInclude>
    <ClInclude Include="libAVI\cAviLib.h">
      <Filter>libAVI</Filter>
    </ClInclude>
    <ClInclude Include="libAVI\CusH264Struct.h">
      <Filter>libAVI</Filter>
    </ClInclude>
    <ClInclude Include="libAVI\MyH264Saver.h">
      <Filter>libAVI</Filter>
    </ClInclude>
  </ItemGroup>
  <ItemGroup>
    <ClCompile Include="stdafx.cpp">
      <Filter>源文件</Filter>
    </ClCompile>
    <ClCompile Include="PLATERECOGNIZE.cpp">
      <Filter>源文件</Filter>
    </ClCompile>
    <ClCompile Include="dllmain.cpp">
      <Filter>源文件</Filter>
    </ClCompile>
    <ClCompile Include="tinyxml\tinystr.cpp">
      <Filter>tinyxml</Filter>
    </ClCompile>
    <ClCompile Include="tinyxml\tinyxml.cpp">
      <Filter>tinyxml</Filter>
    </ClCompile>
    <ClCompile Include="tinyxml\tinyxmlerror.cpp">
      <Filter>tinyxml</Filter>
    </ClCompile>
    <ClCompile Include="tinyxml\tinyxmlparser.cpp">
      <Filter>tinyxml</Filter>
    </ClCompile>
    <ClCompile Include="Camera\BaseCamera.cpp">
      <Filter>Camera</Filter>
    </ClCompile>
    <ClCompile Include="Camera\Camera6467_plate.cpp">
      <Filter>Camera</Filter>
    </ClCompile>
    <ClCompile Include="Camera\CameraResult.cpp">
      <Filter>Camera</Filter>
    </ClCompile>
    <ClCompile Include="utilityFunc\ToolFunction.cpp">
      <Filter>utilityFunc</Filter>
    </ClCompile>
    <ClCompile Include="coredump\MiniDumper.cpp">
      <Filter>coredump</Filter>
    </ClCompile>
    <ClCompile Include="libAVI\avilib.c">
      <Filter>libAVI</Filter>
    </ClCompile>
    <ClCompile Include="libAVI\cAviLib.cpp">
      <Filter>libAVI</Filter>
    </ClCompile>
    <ClCompile Include="libAVI\CusH264Struct.cpp">
      <Filter>libAVI</Filter>
    </ClCompile>
    <ClCompile Include="libAVI\MyH264Saver.cpp">
      <Filter>libAVI</Filter>
    </ClCompile>
  </ItemGroup>
  <ItemGroup>
    <ResourceCompile Include="PLATERECOGNIZE.rc">
      <Filter>资源文件</Filter>
    </ResourceCompile>
  </ItemGroup>
  <ItemGroup>
    <None Include="PLATERECOGNIZE.def">
      <Filter>源文件</Filter>
    </None>
  </ItemGroup>
</Project>